
Microsoft Visual Studio Solution File, Format Version 12.00
# Visual Studio 2013
VisualStudioVersion = 12.0.40629.0
MinimumVisualStudioVersion = 10.0.40219.1
Project("{FAE04EC0-301F-11D3-BF4B-00C04F79EFBC}") = "IrkIdea", "MvcApplication2\IrkIdea.csproj", "{B4F9EB53-0A0E-4E54-BA71-E7782A217D52}"
EndProject
Project("{FAE04EC0-301F-11D3-BF4B-00C04F79EFBC}") = "MvcApplication2.Tests", "MvcApplication2.Tests\MvcApplication2.Tests.csproj", "{070C7B04-FEC3-44C8-A5B7-65A45C78AF03}"
EndProject
Global
	GlobalSection(SolutionConfigurationPlatforms) = preSolution
		Debug|Any CPU = Debug|Any CPU
		Release|Any CPU = Release|Any CPU
	EndGlobalSection
	GlobalSection(ProjectConfigurationPlatforms) = postSolution
		{B4F9EB53-0A0E-4E54-BA71-E7782A217D52}.Debug|Any CPU.ActiveCfg = Debug|Any CPU
		{B4F9EB53-0A0E-4E54-BA71-E7782A217D52}.Debug|Any CPU.Build.0 = Debug|Any CPU
		{B4F9EB53-0A0E-4E54-BA71-E7782A217D52}.Release|Any CPU.ActiveCfg = Release|Any CPU
		{B4F9EB53-0A0E-4E54-BA71-E7782A217D52}.Release|Any CPU.Build.0 = Release|Any CPU
		{070C7B04-FEC3-44C8-A5B7-65A45C78AF03}.Debug|Any CPU.ActiveCfg = Debug|Any CPU
		{070C7B04-FEC3-44C8-A5B7-65A45C78AF03}.Debug|Any CPU.Build.0 = Debug|Any CPU
		{070C7B04-FEC3-44C8-A5B7-65A45C78AF03}.Release|Any CPU.ActiveCfg = Release|Any CPU
		{070C7B04-FEC3-44C8-A5B7-65A45C78AF03}.Release|Any CPU.Build.0 = Release|Any CPU
	EndGlobalSection
	GlobalSection(SolutionProperties) = preSolution
		HideSolutionNode = FALSE
	EndGlobalSection
EndGlobal
